
Microsoft Visual Studio Solution File, Format Version 12.00
# Visual Studio Version 17
VisualStudioVersion = 17.3.32819.101
MinimumVisualStudioVersion = 10.0.40219.1
Project("{FAE04EC0-301F-11D3-BF4B-00C04F79EFBC}") = "TournamentCLI", "TournamentCLI\TournamentCLI.csproj", "{61101E2A-97CA-4D8E-BCF6-402BB6373F42}"
EndProject
Project("{FAE04EC0-301F-11D3-BF4B-00C04F79EFBC}") = "Core", "Core\Core.csproj", "{07DFC947-FA49-49CF-8924-735974A3C75C}"
EndProject
Project("{FAE04EC0-301F-11D3-BF4B-00C04F79EFBC}") = "CoreTests", "CoreTests\CoreTests.csproj", "{0DFC3118-27BE-47C4-839F-560B2DEBC38F}"
EndProject
Project("{FAE04EC0-301F-11D3-BF4B-00C04F79EFBC}") = "TournamentRESTAPI", "TournamentRESTAPI\TournamentRESTAPI.csproj", "{2EFCC5D0-CA0C-471B-937D-11399D89E0B9}"
EndProject
Global
	GlobalSection(SolutionConfigurationPlatforms) = preSolution
		Debug|Any CPU = Debug|Any CPU
		Release|Any CPU = Release|Any CPU
	EndGlobalSection
	GlobalSection(ProjectConfigurationPlatforms) = postSolution
		{61101E2A-97CA-4D8E-BCF6-402BB6373F42}.Debug|Any CPU.ActiveCfg = Debug|Any CPU
		{61101E2A-97CA-4D8E-BCF6-402BB6373F42}.Debug|Any CPU.Build.0 = Debug|Any CPU
		{61101E2A-97CA-4D8E-BCF6-402BB6373F42}.Release|Any CPU.ActiveCfg = Release|Any CPU
		{61101E2A-97CA-4D8E-BCF6-402BB6373F42}.Release|Any CPU.Build.0 = Release|Any CPU
		{07DFC947-FA49-49CF-8924-735974A3C75C}.Debug|Any CPU.ActiveCfg = Debug|Any CPU
		{07DFC947-FA49-49CF-8924-735974A3C75C}.Debug|Any CPU.Build.0 = Debug|Any CPU
		{07DFC947-FA49-49CF-8924-735974A3C75C}.Release|Any CPU.ActiveCfg = Release|Any CPU
		{07DFC947-FA49-49CF-8924-735974A3C75C}.Release|Any CPU.Build.0 = Release|Any CPU
		{0DFC3118-27BE-47C4-839F-560B2DEBC38F}.Debug|Any CPU.ActiveCfg = Debug|Any CPU
		{0DFC3118-27BE-47C4-839F-560B2DEBC38F}.Debug|Any CPU.Build.0 = Debug|Any CPU
		{0DFC3118-27BE-47C4-839F-560B2DEBC38F}.Release|Any CPU.ActiveCfg = Release|Any CPU
		{0DFC3118-27BE-47C4-839F-560B2DEBC38F}.Release|Any CPU.Build.0 = Release|Any CPU
		{2EFCC5D0-CA0C-471B-937D-11399D89E0B9}.Debug|Any CPU.ActiveCfg = Debug|Any CPU
		{2EFCC5D0-CA0C-471B-937D-11399D89E0B9}.Debug|Any CPU.Build.0 = Debug|Any CPU
		{2EFCC5D0-CA0C-471B-937D-11399D89E0B9}.Release|Any CPU.ActiveCfg = Release|Any CPU
		{2EFCC5D0-CA0C-471B-937D-11399D89E0B9}.Release|Any CPU.Build.0 = Release|Any CPU
	EndGlobalSection
	GlobalSection(SolutionProperties) = preSolution
		HideSolutionNode = FALSE
	EndGlobalSection
	GlobalSection(ExtensibilityGlobals) = postSolution
		SolutionGuid = {57864D80-3F47-4A23-834F-105779AD3616}
	EndGlobalSection
EndGlobal
